lockVersion: 2.0.0
id: 692bb60c-96f2-4572-9da3-6b4d88b178a5
management:
  docChecksum: fc9c4725543a9ef61c7b07771bf2269b
  docVersion: 0.0.1
  speakeasyVersion: 1.322.1
  generationVersion: 2.354.2
  releaseVersion: 0.1.0
  configChecksum: 7ee21e7d22b5c5be04cef01890435778
features:
  terraform:
    additionalDependencies: 0.1.0
    constsAndDefaults: 0.1.4
    core: 3.22.0
    deprecations: 2.81.1
    examples: 2.81.5
    globalSecurity: 2.81.6
    globalServerURLs: 2.82.1
    globals: 2.82.1
    hiddenGlobals: 0.1.0
    nameOverrides: 2.81.2
    nullables: 0.0.0
    unions: 2.81.15
generatedFiles:
  - internal/sdk/analytics.go
  - internal/sdk/domains.go
  - internal/sdk/links.go
  - internal/sdk/metatags.go
  - internal/sdk/qrcodes.go
  - internal/sdk/tags.go
  - internal/sdk/track.go
  - internal/sdk/workspaces.go
  - internal/sdk/sdk.go
  - internal/sdk/models/errors/sdkerror.go
  - internal/sdk/types/bigint.go
  - internal/sdk/types/date.go
  - internal/sdk/types/datetime.go
  - internal/sdk/types/decimal.go
  - internal/sdk/types/pointers.go
  - internal/sdk/internal/utils/contenttype.go
  - internal/sdk/internal/utils/form.go
  - internal/sdk/internal/utils/headers.go
  - internal/sdk/internal/utils/json.go
  - internal/sdk/internal/utils/pathparams.go
  - internal/sdk/internal/utils/queryparams.go
  - internal/sdk/internal/utils/requestbody.go
  - internal/sdk/internal/utils/retries.go
  - internal/sdk/internal/utils/security.go
  - internal/sdk/internal/utils/utils.go
  - internal/sdk/internal/globals/globals.go
  - internal/sdk/models/operations/retrieveanalytics.go
  - internal/sdk/models/operations/listdomains.go
  - internal/sdk/models/operations/createdomain.go
  - internal/sdk/models/operations/deletedomain.go
  - internal/sdk/models/operations/updatedomain.go
  - internal/sdk/models/operations/setprimarydomain.go
  - internal/sdk/models/operations/transferdomain.go
  - internal/sdk/models/operations/getlinks.go
  - internal/sdk/models/operations/createlink.go
  - internal/sdk/models/operations/deletelink.go
  - internal/sdk/models/operations/updatelink.go
  - internal/sdk/models/operations/bulkcreatelinks.go
  - internal/sdk/models/operations/getlinkscount.go
  - internal/sdk/models/operations/getlinkinfo.go
  - internal/sdk/models/operations/upsertlink.go
  - internal/sdk/models/operations/getmetatags.go
  - internal/sdk/models/operations/getqrcode.go
  - internal/sdk/models/operations/gettags.go
  - internal/sdk/models/operations/createtag.go
  - internal/sdk/models/operations/trackcustomer.go
  - internal/sdk/models/operations/tracklead.go
  - internal/sdk/models/operations/tracksale.go
  - internal/sdk/models/operations/getworkspaces.go
  - internal/sdk/models/operations/createworkspace.go
  - internal/sdk/models/operations/getworkspace.go
  - internal/sdk/models/shared/internalservererror.go
  - internal/sdk/models/shared/ratelimitexceeded.go
  - internal/sdk/models/shared/unprocessableentity.go
  - internal/sdk/models/shared/inviteexpired.go
  - internal/sdk/models/shared/conflict.go
  - internal/sdk/models/shared/notfound.go
  - internal/sdk/models/shared/forbidden.go
  - internal/sdk/models/shared/unauthorized.go
  - internal/sdk/models/shared/badrequest.go
  - internal/sdk/models/shared/clickscount.go
  - internal/sdk/models/shared/clickstimeseries.go
  - internal/sdk/models/shared/clickscountries.go
  - internal/sdk/models/shared/clickscities.go
  - internal/sdk/models/shared/clicksdevices.go
  - internal/sdk/models/shared/clicksbrowsers.go
  - internal/sdk/models/shared/clicksos.go
  - internal/sdk/models/shared/clicksreferers.go
  - internal/sdk/models/shared/clickstoplinks.go
  - internal/sdk/models/shared/clickstopurls.go
  - internal/sdk/models/shared/leadscount.go
  - internal/sdk/models/shared/leadstimeseries.go
  - internal/sdk/models/shared/leadscountries.go
  - internal/sdk/models/shared/leadscities.go
  - internal/sdk/models/shared/leadsdevices.go
  - internal/sdk/models/shared/leadsbrowsers.go
  - internal/sdk/models/shared/leadsos.go
  - internal/sdk/models/shared/leadsreferers.go
  - internal/sdk/models/shared/leadstoplinks.go
  - internal/sdk/models/shared/leadstopurls.go
  - internal/sdk/models/shared/salescount.go
  - internal/sdk/models/shared/salestimeseries.go
  - internal/sdk/models/shared/salescountries.go
  - internal/sdk/models/shared/salescities.go
  - internal/sdk/models/shared/salesdevices.go
  - internal/sdk/models/shared/salesbrowsers.go
  - internal/sdk/models/shared/salesos.go
  - internal/sdk/models/shared/salesreferers.go
  - internal/sdk/models/shared/salestoplinks.go
  - internal/sdk/models/shared/salestopurls.go
  - internal/sdk/models/shared/countrycode.go
  - internal/sdk/models/shared/domainschema.go
  - internal/sdk/models/shared/linkschema.go
  - internal/sdk/models/shared/tagschema.go
  - internal/sdk/models/shared/linkgeotargeting.go
  - internal/sdk/models/shared/workspaceschema.go
  - internal/sdk/models/shared/security.go
  - internal/sdk/.gitignore
  - internal/sdk/models/operations/options.go
  - internal/sdk/.gitattributes
  - internal/sdk/internal/hooks/registration.go
  - internal/sdk/internal/hooks/hooks.go
  - examples/README.md
  - go.mod
  - go.sum
  - internal/planmodifiers/boolplanmodifier/suppress_diff.go
  - internal/planmodifiers/float64planmodifier/suppress_diff.go
  - internal/planmodifiers/int64planmodifier/suppress_diff.go
  - internal/planmodifiers/listplanmodifier/suppress_diff.go
  - internal/planmodifiers/mapplanmodifier/suppress_diff.go
  - internal/planmodifiers/numberplanmodifier/suppress_diff.go
  - internal/planmodifiers/objectplanmodifier/suppress_diff.go
  - internal/planmodifiers/setplanmodifier/suppress_diff.go
  - internal/planmodifiers/stringplanmodifier/suppress_diff.go
  - internal/planmodifiers/utils/state_check.go
  - internal/provider/reflect/diags.go
  - internal/provider/reflect/doc.go
  - internal/provider/reflect/generic_attr_value.go
  - internal/provider/reflect/helpers.go
  - internal/provider/reflect/interfaces.go
  - internal/provider/reflect/into.go
  - internal/provider/reflect/map.go
  - internal/provider/reflect/number.go
  - internal/provider/reflect/options.go
  - internal/provider/reflect/outof.go
  - internal/provider/reflect/pointer.go
  - internal/provider/reflect/primitive.go
  - internal/provider/reflect/slice.go
  - internal/provider/reflect/struct.go
  - internal/provider/utils.go
  - internal/validators/DateValidator.go
  - internal/validators/ExactlyOneChild.go
  - internal/validators/JSONParseValidator.go
  - internal/validators/RFC3339Validator.go
  - internal/validators/boolvalidators/not_null.go
  - internal/validators/float64validators/not_null.go
  - internal/validators/int64validators/not_null.go
  - internal/validators/listvalidators/not_null.go
  - internal/validators/mapvalidators/not_null.go
  - internal/validators/numbervalidators/not_null.go
  - internal/validators/objectvalidators/not_null.go
  - internal/validators/setvalidators/not_null.go
  - internal/validators/stringvalidators/not_null.go
  - main.go
  - terraform-registry-manifest.json
  - tools/tools.go
  - USAGE.md
  - internal/provider/provider.go
  - examples/provider/provider.tf
  - internal/provider/domain_resource.go
  - internal/provider/domain_resource_sdk.go
  - examples/resources/dub_domain/resource.tf
  - .gitattributes
